// !$*UTF8*$!
{
	archiveVersion = 1;
	classes = {
	};
	objectVersion = 46;
	objects = {

/* Begin PBXBuildFile section */
		900BE43A16F6600300686BF9 /* libTheKitchenSync.a in Frameworks */ = {isa = PBXBuildFile; fileRef = 900BE42116F6600300686BF9 /* libTheKitchenSync.a */; };
		9085986F17359E3E009F7E56 /* CueFairLockTest.m in Sources */ = {isa = PBXBuildFile; fileRef = 9085986A17359E3E009F7E56 /* CueFairLockTest.m */; };
		9085987017359E3E009F7E56 /* CueReadWriteLockTest.m in Sources */ = {isa = PBXBuildFile; fileRef = 9085986C17359E3E009F7E56 /* CueReadWriteLockTest.m */; };
		9085987117359E3E009F7E56 /* CueThreadLocalTest.m in Sources */ = {isa = PBXBuildFile; fileRef = 9085986E17359E3E009F7E56 /* CueThreadLocalTest.m */; };
		9085987517359ED8009F7E56 /* SenTestingKit.framework in Frameworks */ = {isa = PBXBuildFile; fileRef = 9085987417359ED8009F7E56 /* SenTestingKit.framework */; };
		908598D41735B838009F7E56 /* CCCustomDealloc.m in Sources */ = {isa = PBXBuildFile; fileRef = 908598CF1735B838009F7E56 /* CCCustomDealloc.m */; };
		908598D61735B838009F7E56 /* CueTest.m in Sources */ = {isa = PBXBuildFile; fileRef = 908598D31735B838009F7E56 /* CueTest.m */; };
		908E903D17398BA4005B5483 /* CueConcurrentCollectionsTest.m in Sources */ = {isa = PBXBuildFile; fileRef = 908E903A17398BA4005B5483 /* CueConcurrentCollectionsTest.m */; };
		908E903E17398BA4005B5483 /* CueLoadingCacheTest.m in Sources */ = {isa = PBXBuildFile; fileRef = 908E903C17398BA4005B5483 /* CueLoadingCacheTest.m */; };
		90C1DB0917398C6E00521E5E /* UIKit.framework in Frameworks */ = {isa = PBXBuildFile; fileRef = 90C1DB0817398C6E00521E5E /* UIKit.framework */; };
		90C1DBB71739B4EC00521E5E /* libc++.dylib in Frameworks */ = {isa = PBXBuildFile; fileRef = 9085987617359EE0009F7E56 /* libc++.dylib */; };
		90C1DC111739D53D00521E5E /* CueConcurrentArray.mm in Sources */ = {isa = PBXBuildFile; fileRef = 90C1DBF01739D53D00521E5E /* CueConcurrentArray.mm */; };
		90C1DC121739D53D00521E5E /* CueConcurrentCollections.m in Sources */ = {isa = PBXBuildFile; fileRef = 90C1DBF21739D53D00521E5E /* CueConcurrentCollections.m */; };
		90C1DC131739D53D00521E5E /* CueConcurrentDictionary.mm in Sources */ = {isa = PBXBuildFile; fileRef = 90C1DBF51739D53D00521E5E /* CueConcurrentDictionary.mm */; };
		90C1DC141739D53D00521E5E /* CueLoadingCache.mm in Sources */ = {isa = PBXBuildFile; fileRef = 90C1DBF71739D53D00521E5E /* CueLoadingCache.mm */; };
		90C1DC151739D53D00521E5E /* CueValueLoader.m in Sources */ = {isa = PBXBuildFile; fileRef = 90C1DBF91739D53D00521E5E /* CueValueLoader.m */; };
		90C1DC161739D53D00521E5E /* CueFairLock.m in Sources */ = {isa = PBXBuildFile; fileRef = 90C1DBFD1739D53D00521E5E /* CueFairLock.m */; };
		90C1DC171739D53D00521E5E /* CueReadWriteLock.m in Sources */ = {isa = PBXBuildFile; fileRef = 90C1DBFF1739D53D00521E5E /* CueReadWriteLock.m */; };
		90C1DC181739D53D00521E5E /* CueStackLock.mm in Sources */ = {isa = PBXBuildFile; fileRef = 90C1DC011739D53D00521E5E /* CueStackLock.mm */; };
		90C1DC191739D53D00521E5E /* CueBlockTask.m in Sources */ = {isa = PBXBuildFile; fileRef = 90C1DC051739D53D00521E5E /* CueBlockTask.m */; };
		90C1DC1A1739D53D00521E5E /* CueSimpleTaskKey.m in Sources */ = {isa = PBXBuildFile; fileRef = 90C1DC071739D53D00521E5E /* CueSimpleTaskKey.m */; };
		90C1DC1B1739D53D00521E5E /* CueTask.m in Sources */ = {isa = PBXBuildFile; fileRef = 90C1DC091739D53D00521E5E /* CueTask.m */; };
		90C1DC1C1739D53E00521E5E /* CueTaskQueue.m in Sources */ = {isa = PBXBuildFile; fileRef = 90C1DC0B1739D53D00521E5E /* CueTaskQueue.m */; };
		90C1DC1D1739D53E00521E5E /* PewPewCueQueue.m in Sources */ = {isa = PBXBuildFile; fileRef = 90C1DC0D1739D53D00521E5E /* PewPewCueQueue.m */; };
		90C1DC1E1739D53E00521E5E /* CueThreadLocal.m in Sources */ = {isa = PBXBuildFile; fileRef = 90C1DC101739D53D00521E5E /* CueThreadLocal.m */; };
		90C1DC231739D54C00521E5E /* CueTaskQueueTests.m in Sources */ = {isa = PBXBuildFile; fileRef = 90C1DC201739D54C00521E5E /* CueTaskQueueTests.m */; };
		90C1DC241739D54C00521E5E /* CueThreadSteps.m in Sources */ = {isa = PBXBuildFile; fileRef = 90C1DC221739D54C00521E5E /* CueThreadSteps.m */; };
/* End PBXBuildFile section */

/* Begin PBXContainerItemProxy section */
		900BE43816F6600300686BF9 /* PBXContainerItemProxy */ = {
			isa = PBXContainerItemProxy;
			containerPortal = 900BE41916F6600300686BF9 /* Project object */;
			proxyType = 1;
			remoteGlobalIDString = 900BE42016F6600300686BF9;
			remoteInfo = TheKitchenSync;
		};
/* End PBXContainerItemProxy section */

/* Begin PBXCopyFilesBuildPhase section */
		900BE41F16F6600300686BF9 /* CopyFiles */ = {
			isa = PBXCopyFilesBuildPhase;
			buildActionMask = 2147483647;
			dstPath = "include/${PRODUCT_NAME}";
			dstSubfolderSpec = 16;
			files = (
			);
			runOnlyForDeploymentPostprocessing = 0;
		};
/* End PBXCopyFilesBuildPhase section */

/* Begin PBXFileReference section */
		900BE42116F6600300686BF9 /* libTheKitchenSync.a */ = {isa = PBXFileReference; explicitFileType = archive.ar; includeInIndex = 0; path = libTheKitchenSync.a; sourceTree = BUILT_PRODUCTS_DIR; };
		900BE43216F6600300686BF9 /* TheKitchenSyncTests.octest */ = {isa = PBXFileReference; explicitFileType = wrapper.cfbundle; includeInIndex = 0; path = TheKitchenSyncTests.octest; sourceTree = BUILT_PRODUCTS_DIR; };
		900BE43D16F6600300686BF9 /* TheKitchenSyncTests-Info.plist */ = {isa = PBXFileReference; lastKnownFileType = text.plist.xml; path = "TheKitchenSyncTests-Info.plist"; sourceTree = "<group>"; };
		9085986917359E3E009F7E56 /* CueFairLockTest.h */ = {isa = PBXFileReference; fileEncoding = 4; lastKnownFileType = sourcecode.c.h; name = CueFairLockTest.h; path = TheKitchenSyncTests/CueFairLockTest.h; sourceTree = SOURCE_ROOT; };
		9085986A17359E3E009F7E56 /* CueFairLockTest.m */ = {isa = PBXFileReference; fileEncoding = 4; lastKnownFileType = sourcecode.c.objc; name = CueFairLockTest.m; path = TheKitchenSyncTests/CueFairLockTest.m; sourceTree = SOURCE_ROOT; };
		9085986B17359E3E009F7E56 /* CueReadWriteLockTest.h */ = {isa = PBXFileReference; fileEncoding = 4; lastKnownFileType = sourcecode.c.h; name = CueReadWriteLockTest.h; path = TheKitchenSyncTests/CueReadWriteLockTest.h; sourceTree = SOURCE_ROOT; };
		9085986C17359E3E009F7E56 /* CueReadWriteLockTest.m */ = {isa = PBXFileReference; fileEncoding = 4; lastKnownFileType = sourcecode.c.objc; name = CueReadWriteLockTest.m; path = TheKitchenSyncTests/CueReadWriteLockTest.m; sourceTree = SOURCE_ROOT; };
		9085986D17359E3E009F7E56 /* CueThreadLocalTest.h */ = {isa = PBXFileReference; fileEncoding = 4; lastKnownFileType = sourcecode.c.h; name = CueThreadLocalTest.h; path = TheKitchenSyncTests/CueThreadLocalTest.h; sourceTree = SOURCE_ROOT; };
		9085986E17359E3E009F7E56 /* CueThreadLocalTest.m */ = {isa = PBXFileReference; fileEncoding = 4; lastKnownFileType = sourcecode.c.objc; name = CueThreadLocalTest.m; path = TheKitchenSyncTests/CueThreadLocalTest.m; sourceTree = SOURCE_ROOT; };
		9085987217359ED1009F7E56 /* libCueTest.a */ = {isa = PBXFileReference; lastKnownFileType = archive.ar; name = libCueTest.a; path = "../CueTest/build/Debug-iphoneos/libCueTest.a"; sourceTree = "<group>"; };
		9085987417359ED8009F7E56 /* SenTestingKit.framework */ = {isa = PBXFileReference; lastKnownFileType = wrapper.framework; name = SenTestingKit.framework; path = Library/Frameworks/SenTestingKit.framework; sourceTree = DEVELOPER_DIR; };
		9085987617359EE0009F7E56 /* libc++.dylib */ = {isa = PBXFileReference; lastKnownFileType = "compiled.mach-o.dylib"; name = "libc++.dylib"; path = "usr/lib/libc++.dylib"; sourceTree = SDKROOT; };
		9085987717359EE0009F7E56 /* libstdc++.dylib */ = {isa = PBXFileReference; lastKnownFileType = "compiled.mach-o.dylib"; name = "libstdc++.dylib"; path = "usr/lib/libstdc++.dylib"; sourceTree = SDKROOT; };
		908598CE1735B838009F7E56 /* CCCustomDealloc.h */ = {isa = PBXFileReference; fileEncoding = 4; lastKnownFileType = sourcecode.c.h; name = CCCustomDealloc.h; path = Cue/CueTest/CCCustomDealloc.h; sourceTree = SOURCE_ROOT; };
		908598CF1735B838009F7E56 /* CCCustomDealloc.m */ = {isa = PBXFileReference; fileEncoding = 4; lastKnownFileType = sourcecode.c.objc; name = CCCustomDealloc.m; path = Cue/CueTest/CCCustomDealloc.m; sourceTree = SOURCE_ROOT; };
		908598D21735B838009F7E56 /* CueTest.h */ = {isa = PBXFileReference; fileEncoding = 4; lastKnownFileType = sourcecode.c.h; name = CueTest.h; path = Cue/CueTest/CueTest.h; sourceTree = SOURCE_ROOT; };
		908598D31735B838009F7E56 /* CueTest.m */ = {isa = PBXFileReference; fileEncoding = 4; lastKnownFileType = sourcecode.c.objc; name = CueTest.m; path = Cue/CueTest/CueTest.m; sourceTree = SOURCE_ROOT; };
		9085D4391731C786005165D4 /* TheKitchenSync-Prefix.pch */ = {isa = PBXFileReference; fileEncoding = 4; lastKnownFileType = sourcecode.c.h; path = "TheKitchenSync-Prefix.pch"; sourceTree = SOURCE_ROOT; };
		908E903917398BA4005B5483 /* CueConcurrentCollectionsTest.h */ = {isa = PBXFileReference; fileEncoding = 4; lastKnownFileType = sourcecode.c.h; name = CueConcurrentCollectionsTest.h; path = TheKitchenSyncTests/CueConcurrentCollectionsTest.h; sourceTree = SOURCE_ROOT; };
		908E903A17398BA4005B5483 /* CueConcurrentCollectionsTest.m */ = {isa = PBXFileReference; fileEncoding = 4; lastKnownFileType = sourcecode.c.objc; name = CueConcurrentCollectionsTest.m; path = TheKitchenSyncTests/CueConcurrentCollectionsTest.m; sourceTree = SOURCE_ROOT; };
		908E903B17398BA4005B5483 /* CueLoadingCacheTest.h */ = {isa = PBXFileReference; fileEncoding = 4; lastKnownFileType = sourcecode.c.h; name = CueLoadingCacheTest.h; path = TheKitchenSyncTests/CueLoadingCacheTest.h; sourceTree = SOURCE_ROOT; };
		908E903C17398BA4005B5483 /* CueLoadingCacheTest.m */ = {isa = PBXFileReference; fileEncoding = 4; lastKnownFileType = sourcecode.c.objc; name = CueLoadingCacheTest.m; path = TheKitchenSyncTests/CueLoadingCacheTest.m; sourceTree = SOURCE_ROOT; };
		90C1DB0817398C6E00521E5E /* UIKit.framework */ = {isa = PBXFileReference; lastKnownFileType = wrapper.framework; name = UIKit.framework; path = System/Library/Frameworks/UIKit.framework; sourceTree = SDKROOT; };
		90C1DBEF1739D53D00521E5E /* CueConcurrentArray.h */ = {isa = PBXFileReference; fileEncoding = 4; lastKnownFileType = sourcecode.c.h; path = CueConcurrentArray.h; sourceTree = "<group>"; };
		90C1DBF01739D53D00521E5E /* CueConcurrentArray.mm */ = {isa = PBXFileReference; fileEncoding = 4; lastKnownFileType = sourcecode.cpp.objcpp; path = CueConcurrentArray.mm; sourceTree = "<group>"; };
		90C1DBF11739D53D00521E5E /* CueConcurrentCollections.h */ = {isa = PBXFileReference; fileEncoding = 4; lastKnownFileType = sourcecode.c.h; path = CueConcurrentCollections.h; sourceTree = "<group>"; };
		90C1DBF21739D53D00521E5E /* CueConcurrentCollections.m */ = {isa = PBXFileReference; fileEncoding = 4; lastKnownFileType = sourcecode.c.objc; path = CueConcurrentCollections.m; sourceTree = "<group>"; };
		90C1DBF31739D53D00521E5E /* CueConcurrentCollectionsPriv.h */ = {isa = PBXFileReference; fileEncoding = 4; lastKnownFileType = sourcecode.c.h; path = CueConcurrentCollectionsPriv.h; sourceTree = "<group>"; };
		90C1DBF41739D53D00521E5E /* CueConcurrentDictionary.h */ = {isa = PBXFileReference; fileEncoding = 4; lastKnownFileType = sourcecode.c.h; path = CueConcurrentDictionary.h; sourceTree = "<group>"; };
		90C1DBF51739D53D00521E5E /* CueConcurrentDictionary.mm */ = {isa = PBXFileReference; fileEncoding = 4; lastKnownFileType = sourcecode.cpp.objcpp; path = CueConcurrentDictionary.mm; sourceTree = "<group>"; };
		90C1DBF61739D53D00521E5E /* CueLoadingCache.h */ = {isa = PBXFileReference; fileEncoding = 4; lastKnownFileType = sourcecode.c.h; path = CueLoadingCache.h; sourceTree = "<group>"; };
		90C1DBF71739D53D00521E5E /* CueLoadingCache.mm */ = {isa = PBXFileReference; fileEncoding = 4; lastKnownFileType = sourcecode.cpp.objcpp; path = CueLoadingCache.mm; sourceTree = "<group>"; };
		90C1DBF81739D53D00521E5E /* CueValueLoader.h */ = {isa = PBXFileReference; fileEncoding = 4; lastKnownFileType = sourcecode.c.h; path = CueValueLoader.h; sourceTree = "<group>"; };
		90C1DBF91739D53D00521E5E /* CueValueLoader.m */ = {isa = PBXFileReference; fileEncoding = 4; lastKnownFileType = sourcecode.c.objc; path = CueValueLoader.m; sourceTree = "<group>"; };
		90C1DBFA1739D53D00521E5E /* TheKitchenSync.h */ = {isa = PBXFileReference; fileEncoding = 4; lastKnownFileType = sourcecode.c.h; path = TheKitchenSync.h; sourceTree = "<group>"; };
		90C1DBFC1739D53D00521E5E /* CueFairLock.h */ = {isa = PBXFileReference; fileEncoding = 4; lastKnownFileType = sourcecode.c.h; path = CueFairLock.h; sourceTree = "<group>"; };
		90C1DBFD1739D53D00521E5E /* CueFairLock.m */ = {isa = PBXFileReference; fileEncoding = 4; lastKnownFileType = sourcecode.c.objc; path = CueFairLock.m; sourceTree = "<group>"; };
		90C1DBFE1739D53D00521E5E /* CueReadWriteLock.h */ = {isa = PBXFileReference; fileEncoding = 4; lastKnownFileType = sourcecode.c.h; path = CueReadWriteLock.h; sourceTree = "<group>"; };
		90C1DBFF1739D53D00521E5E /* CueReadWriteLock.m */ = {isa = PBXFileReference; fileEncoding = 4; lastKnownFileType = sourcecode.c.objc; path = CueReadWriteLock.m; sourceTree = "<group>"; };
		90C1DC001739D53D00521E5E /* CueStackLock.h */ = {isa = PBXFileReference; fileEncoding = 4; lastKnownFileType = sourcecode.c.h; path = CueStackLock.h; sourceTree = "<group>"; };
		90C1DC011739D53D00521E5E /* CueStackLock.mm */ = {isa = PBXFileReference; fileEncoding = 4; lastKnownFileType = sourcecode.cpp.objcpp; path = CueStackLock.mm; sourceTree = "<group>"; };
		90C1DC021739D53D00521E5E /* CueTestableLock.h */ = {isa = PBXFileReference; fileEncoding = 4; lastKnownFileType = sourcecode.c.h; path = CueTestableLock.h; sourceTree = "<group>"; };
		90C1DC041739D53D00521E5E /* CueBlockTask.h */ = {isa = PBXFileReference; fileEncoding = 4; lastKnownFileType = sourcecode.c.h; path = CueBlockTask.h; sourceTree = "<group>"; };
		90C1DC051739D53D00521E5E /* CueBlockTask.m */ = {isa = PBXFileReference; fileEncoding = 4; lastKnownFileType = sourcecode.c.objc; path = CueBlockTask.m; sourceTree = "<group>"; };
		90C1DC061739D53D00521E5E /* CueSimpleTaskKey.h */ = {isa = PBXFileReference; fileEncoding = 4; lastKnownFileType = sourcecode.c.h; path = CueSimpleTaskKey.h; sourceTree = "<group>"; };
		90C1DC071739D53D00521E5E /* CueSimpleTaskKey.m */ = {isa = PBXFileReference; fileEncoding = 4; lastKnownFileType = sourcecode.c.objc; path = CueSimpleTaskKey.m; sourceTree = "<group>"; };
		90C1DC081739D53D00521E5E /* CueTask.h */ = {isa = PBXFileReference; fileEncoding = 4; lastKnownFileType = sourcecode.c.h; path = CueTask.h; sourceTree = "<group>"; };
		90C1DC091739D53D00521E5E /* CueTask.m */ = {isa = PBXFileReference; fileEncoding = 4; lastKnownFileType = sourcecode.c.objc; path = CueTask.m; sourceTree = "<group>"; };
		90C1DC0A1739D53D00521E5E /* CueTaskQueue.h */ = {isa = PBXFileReference; fileEncoding = 4; lastKnownFileType = sourcecode.c.h; path = CueTaskQueue.h; sourceTree = "<group>"; };
		90C1DC0B1739D53D00521E5E /* CueTaskQueue.m */ = {isa = PBXFileReference; fileEncoding = 4; lastKnownFileType = sourcecode.c.objc; path = CueTaskQueue.m; sourceTree = "<group>"; };
		90C1DC0C1739D53D00521E5E /* PewPewCueQueue.h */ = {isa = PBXFileReference; fileEncoding = 4; lastKnownFileType = sourcecode.c.h; path = PewPewCueQueue.h; sourceTree = "<group>"; };
		90C1DC0D1739D53D00521E5E /* PewPewCueQueue.m */ = {isa = PBXFileReference; fileEncoding = 4; lastKnownFileType = sourcecode.c.objc; path = PewPewCueQueue.m; sourceTree = "<group>"; };
		90C1DC0F1739D53D00521E5E /* CueThreadLocal.h */ = {isa = PBXFileReference; fileEncoding = 4; lastKnownFileType = sourcecode.c.h; path = CueThreadLocal.h; sourceTree = "<group>"; };
		90C1DC101739D53D00521E5E /* CueThreadLocal.m */ = {isa = PBXFileReference; fileEncoding = 4; lastKnownFileType = sourcecode.c.objc; path = CueThreadLocal.m; sourceTree = "<group>"; };
		90C1DC1F1739D54C00521E5E /* CueTaskQueueTests.h */ = {isa = PBXFileReference; fileEncoding = 4; lastKnownFileType = sourcecode.c.h; name = CueTaskQueueTests.h; path = TheKitchenSyncTests/CueTaskQueueTests.h; sourceTree = SOURCE_ROOT; };
		90C1DC201739D54C00521E5E /* CueTaskQueueTests.m */ = {isa = PBXFileReference; fileEncoding = 4; lastKnownFileType = sourcecode.c.objc; name = CueTaskQueueTests.m; path = TheKitchenSyncTests/CueTaskQueueTests.m; sourceTree = SOURCE_ROOT; };
		90C1DC211739D54C00521E5E /* CueThreadSteps.h */ = {isa = PBXFileReference; fileEncoding = 4; lastKnownFileType = sourcecode.c.h; name = CueThreadSteps.h; path = TheKitchenSyncTests/CueThreadSteps.h; sourceTree = SOURCE_ROOT; };
		90C1DC221739D54C00521E5E /* CueThreadSteps.m */ = {isa = PBXFileReference; fileEncoding = 4; lastKnownFileType = sourcecode.c.objc; name = CueThreadSteps.m; path = TheKitchenSyncTests/CueThreadSteps.m; sourceTree = SOURCE_ROOT; };
/* End PBXFileReference section */

/* Begin PBXFrameworksBuildPhase section */
		900BE41E16F6600300686BF9 /* Frameworks */ = {
			isa = PBXFrameworksBuildPhase;
			buildActionMask = 2147483647;
			files = (
			);
			runOnlyForDeploymentPostprocessing = 0;
		};
		900BE42E16F6600300686BF9 /* Frameworks */ = {
			isa = PBXFrameworksBuildPhase;
			buildActionMask = 2147483647;
			files = (
				90C1DBB71739B4EC00521E5E /* libc++.dylib in Frameworks */,
				900BE43A16F6600300686BF9 /* libTheKitchenSync.a in Frameworks */,
				90C1DB0917398C6E00521E5E /* UIKit.framework in Frameworks */,
				9085987517359ED8009F7E56 /* SenTestingKit.framework in Frameworks */,
			);
			runOnlyForDeploymentPostprocessing = 0;
		};
/* End PBXFrameworksBuildPhase section */

/* Begin PBXGroup section */
		900BE41816F6600300686BF9 = {
			isa = PBXGroup;
			children = (
				900BE42616F6600300686BF9 /* Classes */,
				900BE43B16F6600300686BF9 /* TheKitchenSyncTests */,
				900BE42316F6600300686BF9 /* Frameworks */,
				900BE42216F6600300686BF9 /* Products */,
			);
			sourceTree = "<group>";
		};
		900BE42216F6600300686BF9 /* Products */ = {
			isa = PBXGroup;
			children = (
				900BE42116F6600300686BF9 /* libTheKitchenSync.a */,
				900BE43216F6600300686BF9 /* TheKitchenSyncTests.octest */,
			);
			name = Products;
			sourceTree = "<group>";
		};
		900BE42316F6600300686BF9 /* Frameworks */ = {
			isa = PBXGroup;
			children = (
				90C1DB0817398C6E00521E5E /* UIKit.framework */,
				9085987617359EE0009F7E56 /* libc++.dylib */,
				9085987717359EE0009F7E56 /* libstdc++.dylib */,
				9085987417359ED8009F7E56 /* SenTestingKit.framework */,
				9085987217359ED1009F7E56 /* libCueTest.a */,
			);
			name = Frameworks;
			sourceTree = "<group>";
		};
		900BE42616F6600300686BF9 /* Classes */ = {
			isa = PBXGroup;
			children = (
				90C1DBFA1739D53D00521E5E /* TheKitchenSync.h */,
				90C1DBEE1739D53D00521E5E /* Collections */,
				90C1DBFB1739D53D00521E5E /* Locks */,
				90C1DC031739D53D00521E5E /* Tasks */,
				90C1DC0E1739D53D00521E5E /* Threading */,
				900BE42716F6600300686BF9 /* Supporting Files */,
			);
			path = Classes;
			sourceTree = "<group>";
		};
		900BE42716F6600300686BF9 /* Supporting Files */ = {
			isa = PBXGroup;
			children = (
				9085D4391731C786005165D4 /* TheKitchenSync-Prefix.pch */,
			);
			name = "Supporting Files";
			sourceTree = "<group>";
		};
		900BE43B16F6600300686BF9 /* TheKitchenSyncTests */ = {
			isa = PBXGroup;
			children = (
				9096137A16F6A07100C0FDEC /* Dependencies */,
				9096112516F69E8C00C0FDEC /* Tests */,
				900BE43C16F6600300686BF9 /* Supporting Files */,
			);
			path = TheKitchenSyncTests;
			sourceTree = "<group>";
		};
		900BE43C16F6600300686BF9 /* Supporting Files */ = {
			isa = PBXGroup;
			children = (
				900BE43D16F6600300686BF9 /* TheKitchenSyncTests-Info.plist */,
			);
			name = "Supporting Files";
			sourceTree = "<group>";
		};
		9096112516F69E8C00C0FDEC /* Tests */ = {
			isa = PBXGroup;
			children = (
				90C1DC1F1739D54C00521E5E /* CueTaskQueueTests.h */,
				90C1DC201739D54C00521E5E /* CueTaskQueueTests.m */,
				90C1DC211739D54C00521E5E /* CueThreadSteps.h */,
				90C1DC221739D54C00521E5E /* CueThreadSteps.m */,
				908E903917398BA4005B5483 /* CueConcurrentCollectionsTest.h */,
				908E903A17398BA4005B5483 /* CueConcurrentCollectionsTest.m */,
				908E903B17398BA4005B5483 /* CueLoadingCacheTest.h */,
				908E903C17398BA4005B5483 /* CueLoadingCacheTest.m */,
				9085986917359E3E009F7E56 /* CueFairLockTest.h */,
				9085986A17359E3E009F7E56 /* CueFairLockTest.m */,
				9085986B17359E3E009F7E56 /* CueReadWriteLockTest.h */,
				9085986C17359E3E009F7E56 /* CueReadWriteLockTest.m */,
				9085986D17359E3E009F7E56 /* CueThreadLocalTest.h */,
				9085986E17359E3E009F7E56 /* CueThreadLocalTest.m */,
			);
			path = Tests;
			sourceTree = "<group>";
		};
		9096137A16F6A07100C0FDEC /* Dependencies */ = {
			isa = PBXGroup;
			children = (
				908598CE1735B838009F7E56 /* CCCustomDealloc.h */,
				908598CF1735B838009F7E56 /* CCCustomDealloc.m */,
				908598D21735B838009F7E56 /* CueTest.h */,
				908598D31735B838009F7E56 /* CueTest.m */,
			);
			name = Dependencies;
			sourceTree = "<group>";
		};
		90C1DBEE1739D53D00521E5E /* Collections */ = {
			isa = PBXGroup;
			children = (
				90C1DBEF1739D53D00521E5E /* CueConcurrentArray.h */,
				90C1DBF01739D53D00521E5E /* CueConcurrentArray.mm */,
				90C1DBF11739D53D00521E5E /* CueConcurrentCollections.h */,
				90C1DBF21739D53D00521E5E /* CueConcurrentCollections.m */,
				90C1DBF31739D53D00521E5E /* CueConcurrentCollectionsPriv.h */,
				90C1DBF41739D53D00521E5E /* CueConcurrentDictionary.h */,
				90C1DBF51739D53D00521E5E /* CueConcurrentDictionary.mm */,
				90C1DBF61739D53D00521E5E /* CueLoadingCache.h */,
				90C1DBF71739D53D00521E5E /* CueLoadingCache.mm */,
				90C1DBF81739D53D00521E5E /* CueValueLoader.h */,
				90C1DBF91739D53D00521E5E /* CueValueLoader.m */,
			);
			path = Collections;
			sourceTree = "<group>";
		};
		90C1DBFB1739D53D00521E5E /* Locks */ = {
			isa = PBXGroup;
			children = (
				90C1DBFC1739D53D00521E5E /* CueFairLock.h */,
				90C1DBFD1739D53D00521E5E /* CueFairLock.m */,
				90C1DBFE1739D53D00521E5E /* CueReadWriteLock.h */,
				90C1DBFF1739D53D00521E5E /* CueReadWriteLock.m */,
				90C1DC001739D53D00521E5E /* CueStackLock.h */,
				90C1DC011739D53D00521E5E /* CueStackLock.mm */,
				90C1DC021739D53D00521E5E /* CueTestableLock.h */,
			);
			path = Locks;
			sourceTree = "<group>";
		};
		90C1DC031739D53D00521E5E /* Tasks */ = {
			isa = PBXGroup;
			children = (
				90C1DC041739D53D00521E5E /* CueBlockTask.h */,
				90C1DC051739D53D00521E5E /* CueBlockTask.m */,
				90C1DC061739D53D00521E5E /* CueSimpleTaskKey.h */,
				90C1DC071739D53D00521E5E /* CueSimpleTaskKey.m */,
				90C1DC081739D53D00521E5E /* CueTask.h */,
				90C1DC091739D53D00521E5E /* CueTask.m */,
				90C1DC0A1739D53D00521E5E /* CueTaskQueue.h */,
				90C1DC0B1739D53D00521E5E /* CueTaskQueue.m */,
				90C1DC0C1739D53D00521E5E /* PewPewCueQueue.h */,
				90C1DC0D1739D53D00521E5E /* PewPewCueQueue.m */,
			);
			path = Tasks;
			sourceTree = "<group>";
		};
		90C1DC0E1739D53D00521E5E /* Threading */ = {
			isa = PBXGroup;
			children = (
				90C1DC0F1739D53D00521E5E /* CueThreadLocal.h */,
				90C1DC101739D53D00521E5E /* CueThreadLocal.m */,
			);
			path = Threading;
			sourceTree = "<group>";
		};
/* End PBXGroup section */

/* Begin PBXNativeTarget section */
		900BE42016F6600300686BF9 /* TheKitchenSync */ = {
			isa = PBXNativeTarget;
			buildConfigurationList = 900BE44616F6600300686BF9 /* Build configuration list for PBXNativeTarget "TheKitchenSync" */;
			buildPhases = (
				900BE41D16F6600300686BF9 /* Sources */,
				900BE41E16F6600300686BF9 /* Frameworks */,
				900BE41F16F6600300686BF9 /* CopyFiles */,
			);
			buildRules = (
			);
			dependencies = (
			);
			name = TheKitchenSync;
			productName = TheKitchenSync;
			productReference = 900BE42116F6600300686BF9 /* libTheKitchenSync.a */;
			productType = "com.apple.product-type.library.static";
		};
		900BE43116F6600300686BF9 /* TheKitchenSyncTests */ = {
			isa = PBXNativeTarget;
			buildConfigurationList = 900BE44916F6600300686BF9 /* Build configuration list for PBXNativeTarget "TheKitchenSyncTests" */;
			buildPhases = (
				900BE42D16F6600300686BF9 /* Sources */,
				900BE42E16F6600300686BF9 /* Frameworks */,
				900BE42F16F6600300686BF9 /* Resources */,
				900BE43016F6600300686BF9 /* ShellScript */,
			);
			buildRules = (
			);
			dependencies = (
				900BE43916F6600300686BF9 /* PBXTargetDependency */,
			);
			name = TheKitchenSyncTests;
			productName = TheKitchenSyncTests;
			productReference = 900BE43216F6600300686BF9 /* TheKitchenSyncTests.octest */;
			productType = "com.apple.product-type.bundle";
		};
/* End PBXNativeTarget section */

/* Begin PBXProject section */
		900BE41916F6600300686BF9 /* Project object */ = {
			isa = PBXProject;
			attributes = {
				LastUpgradeCheck = 0460;
				ORGANIZATIONNAME = Cue;
			};
			buildConfigurationList = 900BE41C16F6600300686BF9 /* Build configuration list for PBXProject "TheKitchenSync" */;
			compatibilityVersion = "Xcode 3.2";
			developmentRegion = English;
			hasScannedForEncodings = 0;
			knownRegions = (
				en,
				English,
			);
			mainGroup = 900BE41816F6600300686BF9;
			productRefGroup = 900BE42216F6600300686BF9 /* Products */;
			projectDirPath = "";
			projectRoot = "";
			targets = (
				900BE42016F6600300686BF9 /* TheKitchenSync */,
				900BE43116F6600300686BF9 /* TheKitchenSyncTests */,
			);
		};
/* End PBXProject section */

/* Begin PBXResourcesBuildPhase section */
		900BE42F16F6600300686BF9 /* Resources */ = {
			isa = PBXResourcesBuildPhase;
			buildActionMask = 2147483647;
			files = (
			);
			runOnlyForDeploymentPostprocessing = 0;
		};
/* End PBXResourcesBuildPhase section */

/* Begin PBXShellScriptBuildPhase section */
		900BE43016F6600300686BF9 /* ShellScript */ = {
			isa = PBXShellScriptBuildPhase;
			buildActionMask = 2147483647;
			files = (
			);
			inputPaths = (
			);
			outputPaths = (
			);
			runOnlyForDeploymentPostprocessing = 0;
			shellPath = /bin/sh;
			shellScript = "# Run the unit tests in this test bundle.\n\"${SYSTEM_DEVELOPER_DIR}/Tools/RunUnitTests\"\n";
		};
/* End PBXShellScriptBuildPhase section */

/* Begin PBXSourcesBuildPhase section */
		900BE41D16F6600300686BF9 /* Sources */ = {
			isa = PBXSourcesBuildPhase;
			buildActionMask = 2147483647;
			files = (
				90C1DC111739D53D00521E5E /* CueConcurrentArray.mm in Sources */,
				90C1DC121739D53D00521E5E /* CueConcurrentCollections.m in Sources */,
				90C1DC131739D53D00521E5E /* CueConcurrentDictionary.mm in Sources */,
				90C1DC141739D53D00521E5E /* CueLoadingCache.mm in Sources */,
				90C1DC151739D53D00521E5E /* CueValueLoader.m in Sources */,
				90C1DC161739D53D00521E5E /* CueFairLock.m in Sources */,
				90C1DC171739D53D00521E5E /* CueReadWriteLock.m in Sources */,
				90C1DC181739D53D00521E5E /* CueStackLock.mm in Sources */,
				90C1DC191739D53D00521E5E /* CueBlockTask.m in Sources */,
				90C1DC1A1739D53D00521E5E /* CueSimpleTaskKey.m in Sources */,
				90C1DC1B1739D53D00521E5E /* CueTask.m in Sources */,
				90C1DC1C1739D53E00521E5E /* CueTaskQueue.m in Sources */,
				90C1DC1D1739D53E00521E5E /* PewPewCueQueue.m in Sources */,
				90C1DC1E1739D53E00521E5E /* CueThreadLocal.m in Sources */,
			);
			runOnlyForDeploymentPostprocessing = 0;
		};
		900BE42D16F6600300686BF9 /* Sources */ = {
			isa = PBXSourcesBuildPhase;
			buildActionMask = 2147483647;
			files = (
				9085986F17359E3E009F7E56 /* CueFairLockTest.m in Sources */,
				9085987017359E3E009F7E56 /* CueReadWriteLockTest.m in Sources */,
				9085987117359E3E009F7E56 /* CueThreadLocalTest.m in Sources */,
				908598D41735B838009F7E56 /* CCCustomDealloc.m in Sources */,
				908598D61735B838009F7E56 /* CueTest.m in Sources */,
				908E903D17398BA4005B5483 /* CueConcurrentCollectionsTest.m in Sources */,
				908E903E17398BA4005B5483 /* CueLoadingCacheTest.m in Sources */,
				90C1DC231739D54C00521E5E /* CueTaskQueueTests.m in Sources */,
				90C1DC241739D54C00521E5E /* CueThreadSteps.m in Sources */,
			);
			runOnlyForDeploymentPostprocessing = 0;
		};
/* End PBXSourcesBuildPhase section */

/* Begin PBXTargetDependency section */
		900BE43916F6600300686BF9 /* PBXTargetDependency */ = {
			isa = PBXTargetDependency;
			target = 900BE42016F6600300686BF9 /* TheKitchenSync */;
			targetProxy = 900BE43816F6600300686BF9 /* PBXContainerItemProxy */;
		};
/* End PBXTargetDependency section */

/* Begin XCBuildConfiguration section */
		9003945C16FF9BBF00B4461E /* Release */ = {
			isa = XCBuildConfiguration;
			buildSettings = {
				CLANG_WARN_CONSTANT_CONVERSION = YES;
				CLANG_WARN_EMPTY_BODY = YES;
				CLANG_WARN_ENUM_CONVERSION = YES;
				CLANG_WARN_INT_CONVERSION = YES;
				CLANG_WARN__DUPLICATE_METHOD_MATCH = YES;
				GCC_WARN_ABOUT_RETURN_TYPE = YES;
				GCC_WARN_UNINITIALIZED_AUTOS = YES;
				GCC_WARN_UNUSED_VARIABLE = YES;
				OTHER_LDFLAGS = "-ObjC";
				SDKROOT = iphoneos;
			};
			name = Release;
		};
		9003945D16FF9BBF00B4461E /* Release */ = {
			isa = XCBuildConfiguration;
			buildSettings = {
				DSTROOT = /tmp/TheKitchenSync.dst;
				GCC_PRECOMPILE_PREFIX_HEADER = YES;
				GCC_PREFIX_HEADER = "TheKitchenSync-Prefix.pch";
				PRODUCT_NAME = "$(TARGET_NAME)";
				SKIP_INSTALL = YES;
			};
			name = Release;
		};
		9003945E16FF9BBF00B4461E /* Release */ = {
			isa = XCBuildConfiguration;
			buildSettings = {
				FRAMEWORK_SEARCH_PATHS = (
					"\"$(SDKROOT)/Developer/Library/Frameworks\"",
					"\"$(DEVELOPER_LIBRARY_DIR)/Frameworks\"",
				);
				GCC_PRECOMPILE_PREFIX_HEADER = YES;
				GCC_PREFIX_HEADER = "TheKitchenSync-Prefix.pch";
				GCC_PREPROCESSOR_DEFINITIONS = (
					"$(inherited)",
					"UNIT_TESTS=1",
				);
				HEADER_SEARCH_PATHS = "$(SRCROOT)/Cue/**";
				INFOPLIST_FILE = "TheKitchenSyncTests/TheKitchenSyncTests-Info.plist";
				LIBRARY_SEARCH_PATHS = (
					"$(inherited)",
					"\"$(SDKROOT)/usr/lib/system\"",
				);
				PRODUCT_NAME = "$(TARGET_NAME)";
				WRAPPER_EXTENSION = octest;
			};
			name = Release;
		};
		900BE44416F6600300686BF9 /* Debug */ = {
			isa = XCBuildConfiguration;
			buildSettings = {
				CLANG_WARN_CONSTANT_CONVERSION = YES;
				CLANG_WARN_EMPTY_BODY = YES;
				CLANG_WARN_ENUM_CONVERSION = YES;
				CLANG_WARN_INT_CONVERSION = YES;
				CLANG_WARN__DUPLICATE_METHOD_MATCH = YES;
				GCC_WARN_ABOUT_RETURN_TYPE = YES;
				GCC_WARN_UNINITIALIZED_AUTOS = YES;
				GCC_WARN_UNUSED_VARIABLE = YES;
				OTHER_LDFLAGS = "-ObjC";
				SDKROOT = iphoneos;
			};
			name = Debug;
		};
		900BE44716F6600300686BF9 /* Debug */ = {
			isa = XCBuildConfiguration;
			buildSettings = {
				DSTROOT = /tmp/TheKitchenSync.dst;
				GCC_PRECOMPILE_PREFIX_HEADER = YES;
				GCC_PREFIX_HEADER = "TheKitchenSync-Prefix.pch";
				PRODUCT_NAME = "$(TARGET_NAME)";
				SKIP_INSTALL = YES;
			};
			name = Debug;
		};
		900BE44A16F6600300686BF9 /* Debug */ = {
			isa = XCBuildConfiguration;
			buildSettings = {
				FRAMEWORK_SEARCH_PATHS = (
					"\"$(SDKROOT)/Developer/Library/Frameworks\"",
					"\"$(DEVELOPER_LIBRARY_DIR)/Frameworks\"",
				);
				GCC_PRECOMPILE_PREFIX_HEADER = YES;
				GCC_PREFIX_HEADER = "TheKitchenSync-Prefix.pch";
				GCC_PREPROCESSOR_DEFINITIONS = (
					"$(inherited)",
					"UNIT_TESTS=1",
				);
				HEADER_SEARCH_PATHS = "$(SRCROOT)/Cue/**";
				INFOPLIST_FILE = "TheKitchenSyncTests/TheKitchenSyncTests-Info.plist";
				LIBRARY_SEARCH_PATHS = (
					"$(inherited)",
					"\"$(SDKROOT)/usr/lib/system\"",
				);
				PRODUCT_NAME = "$(TARGET_NAME)";
				WRAPPER_EXTENSION = octest;
			};
			name = Debug;
		};
/* End XCBuildConfiguration section */

/* Begin XCConfigurationList section */
		900BE41C16F6600300686BF9 /* Build configuration list for PBXProject "TheKitchenSync" */ = {
			isa = XCConfigurationList;
			buildConfigurations = (
				900BE44416F6600300686BF9 /* Debug */,
				9003945C16FF9BBF00B4461E /* Release */,
			);
			defaultConfigurationIsVisible = 0;
			defaultConfigurationName = Debug;
		};
		900BE44616F6600300686BF9 /* Build configuration list for PBXNativeTarget "TheKitchenSync" */ = {
			isa = XCConfigurationList;
			buildConfigurations = (
				900BE44716F6600300686BF9 /* Debug */,
				9003945D16FF9BBF00B4461E /* Release */,
			);
			defaultConfigurationIsVisible = 0;
			defaultConfigurationName = Debug;
		};
		900BE44916F6600300686BF9 /* Build configuration list for PBXNativeTarget "TheKitchenSyncTests" */ = {
			isa = XCConfigurationList;
			buildConfigurations = (
				900BE44A16F6600300686BF9 /* Debug */,
				9003945E16FF9BBF00B4461E /* Release */,
			);
			defaultConfigurationIsVisible = 0;
			defaultConfigurationName = Debug;
		};
/* End XCConfigurationList section */
	};
	rootObject = 900BE41916F6600300686BF9 /* Project object */;
}
